// !$*UTF8*$!
{
	archiveVersion = 1;
	classes = {
	};
	objectVersion = 56;
	objects = {

/* Begin PBXBuildFile section */
		29193D632AB38078004427AC /* Constants.swift in Sources */ = {isa = PBXBuildFile; fileRef = 29193D622AB38078004427AC /* Constants.swift */; };
		29861EAA2AB32DB8001DEB8E /* EatsAPIApp.swift in Sources */ = {isa = PBXBuildFile; fileRef = 29861EA92AB32DB8001DEB8E /* EatsAPIApp.swift */; };
		29861EAC2AB32DB8001DEB8E /* ContentView.swift in Sources */ = {isa = PBXBuildFile; fileRef = 29861EAB2AB32DB8001DEB8E /* ContentView.swift */; };
		29861EAE2AB32DB8001DEB8E /* Assets.xcassets in Resources */ = {isa = PBXBuildFile; fileRef = 29861EAD2AB32DB8001DEB8E /* Assets.xcassets */; };
		29861EB12AB32DB8001DEB8E /* Preview Assets.xcassets in Resources */ = {isa = PBXBuildFile; fileRef = 29861EB02AB32DB8001DEB8E /* Preview Assets.xcassets */; };
		29861EB82AB343F8001DEB8E /* UberAuthWebView.swift in Sources */ = {isa = PBXBuildFile; fileRef = 29861EB72AB343F8001DEB8E /* UberAuthWebView.swift */; };
		29861EBA2AB35569001DEB8E /* UberAPI.swift in Sources */ = {isa = PBXBuildFile; fileRef = 29861EB92AB35569001DEB8E /* UberAPI.swift */; };
		29861EBC2AB35DBC001DEB8E /* UberAPIModel.swift in Sources */ = {isa = PBXBuildFile; fileRef = 29861EBB2AB35DBC001DEB8E /* UberAPIModel.swift */; };
/* End PBXBuildFile section */

/* Begin PBXFileReference section */
		29193D622AB38078004427AC /* Constants.swift */ = {isa = PBXFileReference; lastKnownFileType = sourcecode.swift; path = Constants.swift; sourceTree = "<group>"; };
		29861EA62AB32DB8001DEB8E /* EatsAPI.app */ = {isa = PBXFileReference; explicitFileType = wrapper.application; includeInIndex = 0; path = EatsAPI.app; sourceTree = BUILT_PRODUCTS_DIR; };
		29861EA92AB32DB8001DEB8E /* EatsAPIApp.swift */ = {isa = PBXFileReference; lastKnownFileType = sourcecode.swift; path = EatsAPIApp.swift; sourceTree = "<group>"; };
		29861EAB2AB32DB8001DEB8E /* ContentView.swift */ = {isa = PBXFileReference; lastKnownFileType = sourcecode.swift; path = ContentView.swift; sourceTree = "<group>"; };
		29861EAD2AB32DB8001DEB8E /* Assets.xcassets */ = {isa = PBXFileReference; lastKnownFileType = folder.assetcatalog; path = Assets.xcassets; sourceTree = "<group>"; };
		29861EB02AB32DB8001DEB8E /* Preview Assets.xcassets */ = {isa = PBXFileReference; lastKnownFileType = folder.assetcatalog; path = "Preview Assets.xcassets"; sourceTree = "<group>"; };
		29861EB72AB343F8001DEB8E /* UberAuthWebView.swift */ = {isa = PBXFileReference; lastKnownFileType = sourcecode.swift; path = UberAuthWebView.swift; sourceTree = "<group>"; };
		29861EB92AB35569001DEB8E /* UberAPI.swift */ = {isa = PBXFileReference; lastKnownFileType = sourcecode.swift; path = UberAPI.swift; sourceTree = "<group>"; };
		29861EBB2AB35DBC001DEB8E /* UberAPIModel.swift */ = {isa = PBXFileReference; lastKnownFileType = sourcecode.swift; path = UberAPIModel.swift; sourceTree = "<group>"; };
/* End PBXFileReference section */

/* Begin PBXFrameworksBuildPhase section */
		29861EA32AB32DB8001DEB8E /* Frameworks */ = {
			isa = PBXFrameworksBuildPhase;
			buildActionMask = 2147483647;
			files = (
			);
			runOnlyForDeploymentPostprocessing = 0;
		};
/* End PBXFrameworksBuildPhase section */

/* Begin PBXGroup section */
		29861E9D2AB32DB8001DEB8E = {
			isa = PBXGroup;
			children = (
				29861EA82AB32DB8001DEB8E /* EatsAPI */,
				29861EA72AB32DB8001DEB8E /* Products */,
			);
			sourceTree = "<group>";
		};
		29861EA72AB32DB8001DEB8E /* Products */ = {
			isa = PBXGroup;
			children = (
				29861EA62AB32DB8001DEB8E /* EatsAPI.app */,
			);
			name = Products;
			sourceTree = "<group>";
		};
		29861EA82AB32DB8001DEB8E /* EatsAPI */ = {
			isa = PBXGroup;
			children = (
				29193D622AB38078004427AC /* Constants.swift */,
				29861EA92AB32DB8001DEB8E /* EatsAPIApp.swift */,
				29861EAB2AB32DB8001DEB8E /* ContentView.swift */,
				29861EB72AB343F8001DEB8E /* UberAuthWebView.swift */,
				29861EB92AB35569001DEB8E /* UberAPI.swift */,
				29861EBB2AB35DBC001DEB8E /* UberAPIModel.swift */,
				29861EAD2AB32DB8001DEB8E /* Assets.xcassets */,
				29861EAF2AB32DB8001DEB8E /* Preview Content */,
			);
			path = EatsAPI;
			sourceTree = "<group>";
		};
		29861EAF2AB32DB8001DEB8E /* Preview Content */ = {
			isa = PBXGroup;
			children = (
				29861EB02AB32DB8001DEB8E /* Preview Assets.xcassets */,
			);
			path = "Preview Content";
			sourceTree = "<group>";
		};
/* End PBXGroup section */

/* Begin PBXNativeTarget section */
		29861EA52AB32DB8001DEB8E /* EatsAPI */ = {
			isa = PBXNativeTarget;
			buildConfigurationList = 29861EB42AB32DB8001DEB8E /* Build configuration list for PBXNativeTarget "EatsAPI" */;
			buildPhases = (
				29861EA22AB32DB8001DEB8E /* Sources */,
				29861EA32AB32DB8001DEB8E /* Frameworks */,
				29861EA42AB32DB8001DEB8E /* Resources */,
			);
			buildRules = (
			);
			dependencies = (
			);
			name = EatsAPI;
			productName = EatsAPI;
			productReference = 29861EA62AB32DB8001DEB8E /* EatsAPI.app */;
			productType = "com.apple.product-type.application";
		};
/* End PBXNativeTarget section */

/* Begin PBXProject section */
		29861E9E2AB32DB8001DEB8E /* Project object */ = {
			isa = PBXProject;
			attributes = {
				BuildIndependentTargetsInParallel = 1;
				LastSwiftUpdateCheck = 1430;
				LastUpgradeCheck = 1430;
				TargetAttributes = {
					29861EA52AB32DB8001DEB8E = {
						CreatedOnToolsVersion = 14.3.1;
					};
				};
			};
			buildConfigurationList = 29861EA12AB32DB8001DEB8E /* Build configuration list for PBXProject "EatsAPI" */;
			compatibilityVersion = "Xcode 14.0";
			developmentRegion = en;
			hasScannedForEncodings = 0;
			knownRegions = (
				en,
				Base,
			);
			mainGroup = 29861E9D2AB32DB8001DEB8E;
			productRefGroup = 29861EA72AB32DB8001DEB8E /* Products */;
			projectDirPath = "";
			projectRoot = "";
			targets = (
				29861EA52AB32DB8001DEB8E /* EatsAPI */,
			);
		};
/* End PBXProject section */

/* Begin PBXResourcesBuildPhase section */
		29861EA42AB32DB8001DEB8E /* Resources */ = {
			isa = PBXResourcesBuildPhase;
			buildActionMask = 2147483647;
			files = (
				29861EB12AB32DB8001DEB8E /* Preview Assets.xcassets in Resources */,
				29861EAE2AB32DB8001DEB8E /* Assets.xcassets in Resources */,
			);
			runOnlyForDeploymentPostprocessing = 0;
		};
/* End PBXResourcesBuildPhase section */

/* Begin PBXSourcesBuildPhase section */
		29861EA22AB32DB8001DEB8E /* Sources */ = {
			isa = PBXSourcesBuildPhase;
			buildActionMask = 2147483647;
			files = (
				29861EAC2AB32DB8001DEB8E /* ContentView.swift in Sources */,
				29861EB82AB343F8001DEB8E /* UberAuthWebView.swift in Sources */,
				29861EBC2AB35DBC001DEB8E /* UberAPIModel.swift in Sources */,
				29861EBA2AB35569001DEB8E /* UberAPI.swift in Sources */,
				29861EAA2AB32DB8001DEB8E /* EatsAPIApp.swift in Sources */,
				29193D632AB38078004427AC /* Constants.swift in Sources */,
			);
			runOnlyForDeploymentPostprocessing = 0;
		};
/* End PBXSourcesBuildPhase section */

/* Begin XCBuildConfiguration section */
		29861EB22AB32DB8001DEB8E /* Debug */ = {
			isa = XCBuildConfiguration;
			buildSettings = {
				ALWAYS_SEARCH_USER_PATHS = NO;
				CLANG_ANALYZER_NONNULL = YES;
				CLANG_ANALYZER_NUMBER_OBJECT_CONVERSION = YES_AGGRESSIVE;
				CLANG_CXX_LANGUAGE_STANDARD = "gnu++20";
				CLANG_ENABLE_MODULES = YES;
				CLANG_ENABLE_OBJC_ARC = YES;
				CLANG_ENABLE_OBJC_WEAK = YES;
				CLANG_WARN_BLOCK_CAPTURE_AUTORELEASING = YES;
				CLANG_WARN_BOOL_CONVERSION = YES;
				CLANG_WARN_COMMA = YES;
				CLANG_WARN_CONSTANT_CONVERSION = YES;
				CLANG_WARN_DEPRECATED_OBJC_IMPLEMENTATIONS = YES;
				CLANG_WARN_DIRECT_OBJC_ISA_USAGE = YES_ERROR;
				CLANG_WARN_DOCUMENTATION_COMMENTS = YES;
				CLANG_WARN_EMPTY_BODY = YES;
				CLANG_WARN_ENUM_CONVERSION = YES;
				CLANG_WARN_INFINITE_RECURSION = YES;
				CLANG_WARN_INT_CONVERSION = YES;
				CLANG_WARN_NON_LITERAL_NULL_CONVERSION = YES;
				CLANG_WARN_OBJC_IMPLICIT_RETAIN_SELF = YES;
				CLANG_WARN_OBJC_LITERAL_CONVERSION = YES;
				CLANG_WARN_OBJC_ROOT_CLASS = YES_ERROR;
				CLANG_WARN_QUOTED_INCLUDE_IN_FRAMEWORK_HEADER = YES;
				CLANG_WARN_RANGE_LOOP_ANALYSIS = YES;
				CLANG_WARN_STRICT_PROTOTYPES = YES;
				CLANG_WARN_SUSPICIOUS_MOVE = YES;
				CLANG_WARN_UNGUARDED_AVAILABILITY = YES_AGGRESSIVE;
				CLANG_WARN_UNREACHABLE_CODE = YES;
				CLANG_WARN__DUPLICATE_METHOD_MATCH = YES;
				COPY_PHASE_STRIP = NO;
				DEBUG_INFORMATION_FORMAT = dwarf;
				ENABLE_STRICT_OBJC_MSGSEND = YES;
				ENABLE_TESTABILITY = YES;
				GCC_C_LANGUAGE_STANDARD = gnu11;
				GCC_DYNAMIC_NO_PIC = NO;
				GCC_NO_COMMON_BLOCKS = YES;
				GCC_OPTIMIZATION_LEVEL = 0;
				GCC_PREPROCESSOR_DEFINITIONS = (
					"DEBUG=1",
					"$(inherited)",
				);
				GCC_WARN_64_TO_32_BIT_CONVERSION = YES;
				GCC_WARN_ABOUT_RETURN_TYPE = YES_ERROR;
				GCC_WARN_UNDECLARED_SELECTOR = YES;
				GCC_WARN_UNINITIALIZED_AUTOS = YES_AGGRESSIVE;
				GCC_WARN_UNUSED_FUNCTION = YES;
				GCC_WARN_UNUSED_VARIABLE = YES;
				IPHONEOS_DEPLOYMENT_TARGET = 16.4;
				MTL_ENABLE_DEBUG_INFO = INCLUDE_SOURCE;
				MTL_FAST_MATH = YES;
				ONLY_ACTIVE_ARCH = YES;
				SDKROOT = iphoneos;
				SWIFT_ACTIVE_COMPILATION_CONDITIONS = DEBUG;
				SWIFT_OPTIMIZATION_LEVEL = "-Onone";
			};
			name = Debug;
		};
		29861EB32AB32DB8001DEB8E /* Release */ = {
			isa = XCBuildConfiguration;
			buildSettings = {
				ALWAYS_SEARCH_USER_PATHS = NO;
				CLANG_ANALYZER_NONNULL = YES;
				CLANG_ANALYZER_NUMBER_OBJECT_CONVERSION = YES_AGGRESSIVE;
				CLANG_CXX_LANGUAGE_STANDARD = "gnu++20";
				CLANG_ENABLE_MODULES = YES;
				CLANG_ENABLE_OBJC_ARC = YES;
				CLANG_ENABLE_OBJC_WEAK = YES;
				CLANG_WARN_BLOCK_CAPTURE_AUTORELEASING = YES;
				CLANG_WARN_BOOL_CONVERSION = YES;
				CLANG_WARN_COMMA = YES;
				CLANG_WARN_CONSTANT_CONVERSION = YES;
				CLANG_WARN_DEPRECATED_OBJC_IMPLEMENTATIONS = YES;
				CLANG_WARN_DIRECT_OBJC_ISA_USAGE = YES_ERROR;
				CLANG_WARN_DOCUMENTATION_COMMENTS = YES;
				CLANG_WARN_EMPTY_BODY = YES;
				CLANG_WARN_ENUM_CONVERSION = YES;
				CLANG_WARN_INFINITE_RECURSION = YES;
				CLANG_WARN_INT_CONVERSION = YES;
				CLANG_WARN_NON_LITERAL_NULL_CONVERSION = YES;
				CLANG_WARN_OBJC_IMPLICIT_RETAIN_SELF = YES;
				CLANG_WARN_OBJC_LITERAL_CONVERSION = YES;
				CLANG_WARN_OBJC_ROOT_CLASS = YES_ERROR;
				CLANG_WARN_QUOTED_INCLUDE_IN_FRAMEWORK_HEADER = YES;
				CLANG_WARN_RANGE_LOOP_ANALYSIS = YES;
				CLANG_WARN_STRICT_PROTOTYPES = YES;
				CLANG_WARN_SUSPICIOUS_MOVE = YES;
				CLANG_WARN_UNGUARDED_AVAILABILITY = YES_AGGRESSIVE;
				CLANG_WARN_UNREACHABLE_CODE = YES;
				CLANG_WARN__DUPLICATE_METHOD_MATCH = YES;
				COPY_PHASE_STRIP = NO;
				DEBUG_INFORMATION_FORMAT = "dwarf-with-dsym";
				ENABLE_NS_ASSERTIONS = NO;
				ENABLE_STRICT_OBJC_MSGSEND = YES;
				GCC_C_LANGUAGE_STANDARD = gnu11;
				GCC_NO_COMMON_BLOCKS = YES;
				GCC_WARN_64_TO_32_BIT_CONVERSION = YES;
				GCC_WARN_ABOUT_RETURN_TYPE = YES_ERROR;
				GCC_WARN_UNDECLARED_SELECTOR = YES;
				GCC_WARN_UNINITIALIZED_AUTOS = YES_AGGRESSIVE;
				GCC_WARN_UNUSED_FUNCTION = YES;
				GCC_WARN_UNUSED_VARIABLE = YES;
				IPHONEOS_DEPLOYMENT_TARGET = 16.4;
				MTL_ENABLE_DEBUG_INFO = NO;
				MTL_FAST_MATH = YES;
				SDKROOT = iphoneos;
				SWIFT_COMPILATION_MODE = wholemodule;
				SWIFT_OPTIMIZATION_LEVEL = "-O";
				VALIDATE_PRODUCT = YES;
			};
			name = Release;
		};
		29861EB52AB32DB8001DEB8E /* Debug */ = {
			isa = XCBuildConfiguration;
			buildSettings = {
				ASSETCATALOG_COMPILER_APPICON_NAME = AppIcon;
				ASSETCATALOG_COMPILER_GLOBAL_ACCENT_COLOR_NAME = AccentColor;
				CODE_SIGN_STYLE = Automatic;
				CURRENT_PROJECT_VERSION = 1;
				DEVELOPMENT_ASSET_PATHS = "\"EatsAPI/Preview Content\"";
				DEVELOPMENT_TEAM = WJ6BVSDK46;
				ENABLE_PREVIEWS = YES;
				GENERATE_INFOPLIST_FILE = YES;
				INFOPLIST_KEY_UIApplicationSceneManifest_Generation = YES;
				INFOPLIST_KEY_UIApplicationSupportsIndirectInputEvents = YES;
				INFOPLIST_KEY_UILaunchScreen_Generation = YES;
				INFOPLIST_KEY_UISupportedInterfaceOrientations_iPad = "UIInterfaceOrientationPortrait UIInterfaceOrientationPortraitUpsideDown UIInterfaceOrientationLandscapeLeft UIInterfaceOrientationLandscapeRight";
				INFOPLIST_KEY_UISupportedInterfaceOrientations_iPhone = "UIInterfaceOrientationPortrait UIInterfaceOrientationLandscapeLeft UIInterfaceOrientationLandscapeRight";
				LD_RUNPATH_SEARCH_PATHS = (
					"$(inherited)",
					"@executable_path/Frameworks",
				);
				MARKETING_VERSION = 1.0;
				PRODUCT_BUNDLE_IDENTIFIER = ahmedhenna.EatsAPI;
				PRODUCT_NAME = "$(TARGET_NAME)";
				SWIFT_EMIT_LOC_STRINGS = YES;
				SWIFT_VERSION = 5.0;
				TARGETED_DEVICE_FAMILY = "1,2";
			};
			name = Debug;
		};
		29861EB62AB32DB8001DEB8E /* Release */ = {
			isa = XCBuildConfiguration;
			buildSettings = {
				ASSETCATALOG_COMPILER_APPICON_NAME = AppIcon;
				ASSETCATALOG_COMPILER_GLOBAL_ACCENT_COLOR_NAME = AccentColor;
				CODE_SIGN_STYLE = Automatic;
				CURRENT_PROJECT_VERSION = 1;
				DEVELOPMENT_ASSET_PATHS = "\"EatsAPI/Preview Content\"";
				DEVELOPMENT_TEAM = WJ6BVSDK46;
				ENABLE_PREVIEWS = YES;
				GENERATE_INFOPLIST_FILE = YES;
				INFOPLIST_KEY_UIApplicationSceneManifest_Generation = YES;
				INFOPLIST_KEY_UIApplicationSupportsIndirectInputEvents = YES;
				INFOPLIST_KEY_UILaunchScreen_Generation = YES;
				INFOPLIST_KEY_UISupportedInterfaceOrientations_iPad = "UIInterfaceOrientationPortrait UIInterfaceOrientationPortraitUpsideDown UIInterfaceOrientationLandscapeLeft UIInterfaceOrientationLandscapeRight";
				INFOPLIST_KEY_UISupportedInterfaceOrientations_iPhone = "UIInterfaceOrientationPortrait UIInterfaceOrientationLandscapeLeft UIInterfaceOrientationLandscapeRight";
				LD_RUNPATH_SEARCH_PATHS = (
					"$(inherited)",
					"@executable_path/Frameworks",
				);
				MARKETING_VERSION = 1.0;
				PRODUCT_BUNDLE_IDENTIFIER = ahmedhenna.EatsAPI;
				PRODUCT_NAME = "$(TARGET_NAME)";
				SWIFT_EMIT_LOC_STRINGS = YES;
				SWIFT_VERSION = 5.0;
				TARGETED_DEVICE_FAMILY = "1,2";
			};
			name = Release;
		};
/* End XCBuildConfiguration section */

/* Begin XCConfigurationList section */
		29861EA12AB32DB8001DEB8E /* Build configuration list for PBXProject "EatsAPI" */ = {
			isa = XCConfigurationList;
			buildConfigurations = (
				29861EB22AB32DB8001DEB8E /* Debug */,
				29861EB32AB32DB8001DEB8E /* Release */,
			);
			defaultConfigurationIsVisible = 0;
			defaultConfigurationName = Release;
		};
		29861EB42AB32DB8001DEB8E /* Build configuration list for PBXNativeTarget "EatsAPI" */ = {
			isa = XCConfigurationList;
			buildConfigurations = (
				29861EB52AB32DB8001DEB8E /* Debug */,
				29861EB62AB32DB8001DEB8E /* Release */,
			);
			defaultConfigurationIsVisible = 0;
			defaultConfigurationName = Release;
		};
/* End XCConfigurationList section */
	};
	rootObject = 29861E9E2AB32DB8001DEB8E /* Project object */;
}
